# Generated by lock.py
ALPINE_DIGEST=@sha256:a4f4213abb84c497377b8544c81b3564f313746700372ec4fe84653e4fb03805
CADDY_DIGEST=@sha256:af32e97399febea808609119bb21544d0265c58a02836576e32a2d082c262c17
CLOUDBEAVER_IMAGE=docker.io/dbeaver/cloudbeaver:latest@sha256:cc2bfb9fd789da14662588470010b4229f74cad902192a2334a883794e16e0d3
DOTNET_ASPNET_DIGEST=@sha256:4b8f0b08534833b39bb662fb19a65e78cb086f5ca8dd35de3f87026de8885be4
DOTNET_SDK_DIGEST=@sha256:aa05b91be697b83229cb000b90120f0783604ad74ed92a0b45cdf3d1a9c873de
GOLANG_DIGEST=@sha256:1699c10032ca2582ec89a24a1312d986a3f094aed3d5c1147b19880afe40e052
INITIALIZE_MINIO_IMAGE=docker.io/minio/mc:latest@sha256:a7fe349ef4bd8521fb8497f55c6042871b2ae640607cf99d9bede5e9bdf11727
KEYCLOAK_IMAGE=quay.io/keycloak/keycloak:26.3.5@sha256:357829ec7c4693397533035092ad13b0644bcc95ded311f33a3738c4d9e9bdba
MINIO_IMAGE=docker.io/minio/minio:latest@sha256:14cea493d9a34af32f524e538b8346cf79f3321eff8e708c1e2960462bd8936e
MINIO_LOGGER_IMAGE=docker.io/minio/mc:latest@sha256:a7fe349ef4bd8521fb8497f55c6042871b2ae640607cf99d9bede5e9bdf11727
NGROK_IMAGE=ngrok/ngrok:alpine@sha256:12e3eda69d0b670755d29eae17133dccb42429473d05e15a4a8c0b3fa22f476a
POSTGRES_BOOKWORM_DIGEST=@sha256:bb6a38138cb49ca6d4de376e06f0959db4e7906c0f5f3cfedb2cfe27d7472a0f
POSTGRES_IMAGE=docker.io/library/postgres:16-alpine@sha256:4327b9fd295502f326f44153a1045a7170ddbfffed1c3829798328556cfd09e2
UV_BASE_DIGEST=@sha256:8802acc1520b49590d75e5823c6586ef2971af0687cc19030be67aabf6b32577
