# Local Build State by lock.py
ALPINE_DIGEST=@sha256:a4f4213abb84c497377b8544c81b3564f313746700372ec4fe84653e4fb03805
API_IMAGE=ghcr.io/outernet-foundation/placeframe/api:latest@sha256:be528bb7c37a7b9ee9a137fe6a24fa140dc83131ce4e3525c45d2114d386825a
AUTH_INITIALIZER_IMAGE=ghcr.io/outernet-foundation/placeframe/auth-initializer:latest@sha256:a7ebfe693c1850cc060522ad72eccc37d777c8c9430397f59a9bc8cb4329b263
CADDY_DIGEST=@sha256:af32e97399febea808609119bb21544d0265c58a02836576e32a2d082c262c17
CLOUDBEAVER_IMAGE=docker.io/dbeaver/cloudbeaver:latest@sha256:cc2bfb9fd789da14662588470010b4229f74cad902192a2334a883794e16e0d3
CREATE_DATABASE_IMAGE=ghcr.io/outernet-foundation/placeframe/database-manager:latest@sha256:d6d1eb105e84a88f2c8fc0449342ad297af2c08760ffe2442f70012a048fba5f
DOTNET_ASPNET_DIGEST=@sha256:4b8f0b08534833b39bb662fb19a65e78cb086f5ca8dd35de3f87026de8885be4
DOTNET_SDK_DIGEST=@sha256:aa05b91be697b83229cb000b90120f0783604ad74ed92a0b45cdf3d1a9c873de
GATEWAY_IMAGE=ghcr.io/outernet-foundation/placeframe/gateway:latest@sha256:810d668f330bf3d60a4eefde0236e817f9d72da544b7ba25e95c063bfdcb029b
GOLANG_DIGEST=@sha256:1699c10032ca2582ec89a24a1312d986a3f094aed3d5c1147b19880afe40e052
INITIALIZE_CLOUDBEAVER_IMAGE=ghcr.io/outernet-foundation/placeframe/cloudbeaver-initializer:latest@sha256:c3a4ef6fc4395139992899f7c8f4cb09bedbedd1ad9e07ca9b61ed39d0aecab5
INITIALIZE_MINIO_IMAGE=docker.io/minio/mc:latest@sha256:a7fe349ef4bd8521fb8497f55c6042871b2ae640607cf99d9bede5e9bdf11727
KEYCLOAK_IMAGE=quay.io/keycloak/keycloak:26.3.5@sha256:357829ec7c4693397533035092ad13b0644bcc95ded311f33a3738c4d9e9bdba
LOCALIZER_CUDA_IMAGE=ghcr.io/outernet-foundation/placeframe/localizer-cuda:latest@sha256:b90472d6cb61f0cb8897e07ae739ccf2281b9bad754d844bb103bdd535eb1bbf
LOCALIZER_ROCM_IMAGE=ghcr.io/outernet-foundation/placeframe/localizer-rocm:latest
MIGRATE_DATABASE_IMAGE=ghcr.io/outernet-foundation/placeframe/database-migrator:latest@sha256:f69dde80b4b26b2b7a1d143e3253d07e4b2b9a735ebe93b042ebac543abbf2c1
MINIO_IMAGE=docker.io/minio/minio:latest@sha256:14cea493d9a34af32f524e538b8346cf79f3321eff8e708c1e2960462bd8936e
MINIO_LOGGER_IMAGE=docker.io/minio/mc:latest@sha256:a7fe349ef4bd8521fb8497f55c6042871b2ae640607cf99d9bede5e9bdf11727
NGROK_IMAGE=ngrok/ngrok:alpine@sha256:12e3eda69d0b670755d29eae17133dccb42429473d05e15a4a8c0b3fa22f476a
POSTGRES_BOOKWORM_DIGEST=@sha256:bb6a38138cb49ca6d4de376e06f0959db4e7906c0f5f3cfedb2cfe27d7472a0f
POSTGRES_IMAGE=docker.io/library/postgres:16-alpine@sha256:4327b9fd295502f326f44153a1045a7170ddbfffed1c3829798328556cfd09e2
RECONSTRUCTOR_CUDA_IMAGE=ghcr.io/outernet-foundation/placeframe/reconstructor-cuda:latest@sha256:bc781c91c56b033ca62234318ad72283c634e142c58315555b37c311d6f414bd
RECONSTRUCTOR_ROCM_IMAGE=ghcr.io/outernet-foundation/placeframe/reconstructor-rocm:latest
STATE_SYNC_IMAGE=ghcr.io/outernet-foundation/placeframe/state-sync:latest@sha256:5bdfcdcba1f16cea395050e65be1ab9bb5cde7d9c85eb70ce5a9019274aa8a68
UV_BASE_DIGEST=@sha256:fb12b20e86027dac1b4c78a359ba091b639df39b85d9e9f5d93a91bd08e01666
