# Generated by lock.py
ALPINE_DIGEST=@sha256:a4f4213abb84c497377b8544c81b3564f313746700372ec4fe84653e4fb03805
API_IMAGE=ghcr.io/outernet-foundation/placeframe/api:latest@sha256:46ee5d9d459028cda8ea7cb6a9231737aaa5ebea2386f0ad4e983e8981810689
AUTH_INITIALIZER_IMAGE=ghcr.io/outernet-foundation/placeframe/auth-initializer:latest@sha256:9b98836da688f24a8c6cfd81050eb0ac479af11e4551954eeadb35b3fd8c0447
CADDY_DIGEST=@sha256:af32e97399febea808609119bb21544d0265c58a02836576e32a2d082c262c17
CLOUDBEAVER_IMAGE=docker.io/dbeaver/cloudbeaver:latest@sha256:cc2bfb9fd789da14662588470010b4229f74cad902192a2334a883794e16e0d3
CREATE_DATABASE_IMAGE=ghcr.io/outernet-foundation/placeframe/database-manager:latest@sha256:b31ca452c8074d3b1029367bef687cbaf36e486dd93097e0eaf4b8b27f588b0f
DOTNET_ASPNET_DIGEST=@sha256:4b8f0b08534833b39bb662fb19a65e78cb086f5ca8dd35de3f87026de8885be4
DOTNET_SDK_DIGEST=@sha256:aa05b91be697b83229cb000b90120f0783604ad74ed92a0b45cdf3d1a9c873de
GATEWAY_IMAGE=ghcr.io/outernet-foundation/placeframe/gateway:latest@sha256:3a810698eca1d4ecce6d2c7e11e9ea47d32c88f0ee040006a06adbfea90b98e5
GOLANG_DIGEST=@sha256:1699c10032ca2582ec89a24a1312d986a3f094aed3d5c1147b19880afe40e052
INITIALIZE_CLOUDBEAVER_IMAGE=ghcr.io/outernet-foundation/placeframe/cloudbeaver-initializer:latest@sha256:c0a47897f8190f123ac63a3d026221e3c714a0016491b4aebc932e16ad42db57
INITIALIZE_MINIO_IMAGE=docker.io/minio/mc:latest@sha256:a7fe349ef4bd8521fb8497f55c6042871b2ae640607cf99d9bede5e9bdf11727
KEYCLOAK_IMAGE=quay.io/keycloak/keycloak:26.3.5@sha256:357829ec7c4693397533035092ad13b0644bcc95ded311f33a3738c4d9e9bdba
LOCALIZER_CUDA_IMAGE=ghcr.io/outernet-foundation/placeframe/localizer-cuda:latest@sha256:e8bad037e27ab002304db0ad3b44406c6afed3e5c01447283022b29c3786adb4
LOCALIZER_ROCM_IMAGE=ghcr.io/outernet-foundation/placeframe/localizer-rocm:latest@sha256:4254c65c64702c98556254b4268410f4810395c2af05aef0899ef984f38e35ae
MIGRATE_DATABASE_IMAGE=ghcr.io/outernet-foundation/placeframe/database-migrator:latest@sha256:c0030f2781103b75221892a62997a5f624144df0a5cb62abf2d6ec8724c11733
MINIO_IMAGE=docker.io/minio/minio:latest@sha256:14cea493d9a34af32f524e538b8346cf79f3321eff8e708c1e2960462bd8936e
MINIO_LOGGER_IMAGE=docker.io/minio/mc:latest@sha256:a7fe349ef4bd8521fb8497f55c6042871b2ae640607cf99d9bede5e9bdf11727
NGROK_IMAGE=ngrok/ngrok:alpine@sha256:12e3eda69d0b670755d29eae17133dccb42429473d05e15a4a8c0b3fa22f476a
POSTGRES_BOOKWORM_DIGEST=@sha256:bb6a38138cb49ca6d4de376e06f0959db4e7906c0f5f3cfedb2cfe27d7472a0f
POSTGRES_IMAGE=docker.io/library/postgres:16-alpine@sha256:4327b9fd295502f326f44153a1045a7170ddbfffed1c3829798328556cfd09e2
RECONSTRUCTOR_CUDA_IMAGE=ghcr.io/outernet-foundation/placeframe/reconstructor-cuda:latest@sha256:183c5b91c08d65c657554f621f3d4d00b7b848f7f55ac4194b3427ae2343dd9f
RECONSTRUCTOR_ROCM_IMAGE=ghcr.io/outernet-foundation/placeframe/reconstructor-rocm:latest@sha256:aa020e6d97e1e895195d8bd30899fce0cd4fdb9fcd9b97bd244ccf96287512cc
STATE_SYNC_IMAGE=ghcr.io/outernet-foundation/placeframe/state-sync:latest@sha256:251a311b3ab761b8bd66db7a5fb43f66f523a15a210cae26bcb4b3a4729f76f1
UV_BASE_DIGEST=@sha256:8802acc1520b49590d75e5823c6586ef2971af0687cc19030be67aabf6b32577
