{
  "tailscale-beacon": {
    "digest": "sha256:6f2d19873985dd523957d24ec2f84d6e6c68e4287f1475c2c00096eb38696e00",
    "tags": [
      "tree-0a880cd6632eeaa1d531827c8e98a7ccfd81f789",
      "git-0ab333bed3533f03abde2760dee672a0f8843bfc"
    ]
  },
  "oauth2-proxy": {
    "digest": "sha256:786bed0f000c0f8a7b31619244ebab02406a8856a4faf3f5fb1df61fbd6c30ed",
    "tags": [
      "latest"
    ]
  },
  "oauth2-reverse-proxy": {
    "digest": "sha256:50b387b96ede7a651c0519bfb2d8ded7c810da0d6d8f3369e798b7b639338c24",
    "tags": [
      "tree-bd22c3210780b1c132ed5280e4d35c6f839602f3",
      "git-0ab333bed3533f03abde2760dee672a0f8843bfc"
    ]
  },
  "initialize-cloudbeaver": {
    "digest": "sha256:b1982e643feea5c9976d3fb560736ae17372804d8f5a520366ed22164428b495",
    "tags": [
      "tree-b399a4f24dc92b999e5be90e724591427868231a",
      "git-2041e85cfc99dcd3176ba244e507136d841a1639"
    ]
  },
  "cloudbeaver": {
    "digest": "sha256:f478a2426ed665fce3a79289a681a65ec363f1bebd9b477fa7ad570123649086",
    "tags": [
      "latest"
    ]
  },
  "github-runner": {
    "digest": "sha256:678c56b4ab71366227773d9ff90ea9bece9bf73325cd40198b49b45cf37b8d7b",
    "tags": [
      "latest"
    ]
  },
  "api": {
    "digest": "sha256:d68b78958c492413273985e5742c4a1bd92d0d04749713649774f386bfc97c72",
    "tags": [
      "tree-1d8a4108fd54d871ce493765bb24266931310a0d",
      "git-0ab333bed3533f03abde2760dee672a0f8843bfc"
    ]
  },
  "run-reconstruction": {
    "digest": "sha256:ca9227cc3d5e302aba97cb767196f11026d3f00c442d3cf4bea4bb743ae75afc",
    "tags": [
      "tree-b1464cab3f476f77c28bb872f0561c53e70053dd",
      "git-0ab333bed3533f03abde2760dee672a0f8843bfc"
    ]
  },
  "extract-match-features": {
    "digest": "sha256:91a63449d8f9848486b446075a45568bdf2e74e3c3f3494165dd98a41b9169b9",
    "tags": [
      "tree-fd55e5ff88812eec591877ebd8518a9be423cd4c",
      "git-0ab333bed3533f03abde2760dee672a0f8843bfc"
    ]
  },
  "database-manager": {
    "digest": "sha256:e7baf75d116cedbbd0a30c2c73a38f35ef5fa9d3de9514d776aec91fecd4c26d",
    "tags": [
      "tree-a2b7fe05c8c891ba6a817fe9327150309a6879cc",
      "git-2dd47f32cf23604b170b2b2a730acee75e498bc7"
    ]
  }
}